# THIS IS AN AUTOGENERATED FILE. DO NOT EDIT THIS FILE DIRECTLY.
# yarn lockfile v1


event@^1.0.0:
  version "1.0.0"
  resolved "https://registry.yarnpkg.com/event/-/event-1.0.0.tgz#b51232b67ad4e0fe38c4a8cbaff2ff8685278ce3"
  integrity sha1-tRIytnrU4P44xKjLr/L/hoUnjOM=
  dependencies:
    method "~1.0.0"
    reducible "~1.0.1"

method@~1.0.0:
  version "1.0.2"
  resolved "https://registry.yarnpkg.com/method/-/method-1.0.2.tgz#291f8c29ee443847a2f8906f89fbaa372d4d0916"
  integrity sha1-KR+MKe5EOEei+JBvifuqNy1NCRY=

method@~2.0.x:
  version "2.0.0"
  resolved "https://registry.yarnpkg.com/method/-/method-2.0.0.tgz#e449848defa6daef10b8163d9d9aa2d071b7500f"
  integrity sha1-5EmEje+m2u8QuBY9nZqi0HG3UA8=

reducible@~1.0.1:
  version "1.0.6"
  resolved "https://registry.yarnpkg.com/reducible/-/reducible-1.0.6.tgz#331722d14189f8f392dc9b88341aec603b25c35e"
  integrity sha1-Mxci0UGJ+POS3JuINBrsYDslw14=
  dependencies:
    method "~2.0.x"
